
Microsoft Visual Studio Solution File, Format Version 12.00
# Visual Studio Version 17
VisualStudioVersion = 17.5.002.0
MinimumVisualStudioVersion = 10.0.40219.1
Project("{9A19103F-16F7-4668-BE54-9A1E7A4F7556}") = "10_propriedadesMetodosConstrutores", "10_propriedadesMetodosConstrutores.csproj", "{A2287D96-6DF9-432A-95C2-3E676E2FF76B}"
EndProject
Global
	GlobalSection(SolutionConfigurationPlatforms) = preSolution
		Debug|Any CPU = Debug|Any CPU
		Release|Any CPU = Release|Any CPU
	EndGlobalSection
	GlobalSection(ProjectConfigurationPlatforms) = postSolution
		{A2287D96-6DF9-432A-95C2-3E676E2FF76B}.Debug|Any CPU.ActiveCfg = Debug|Any CPU
		{A2287D96-6DF9-432A-95C2-3E676E2FF76B}.Debug|Any CPU.Build.0 = Debug|Any CPU
		{A2287D96-6DF9-432A-95C2-3E676E2FF76B}.Release|Any CPU.ActiveCfg = Release|Any CPU
		{A2287D96-6DF9-432A-95C2-3E676E2FF76B}.Release|Any CPU.Build.0 = Release|Any CPU
	EndGlobalSection
	GlobalSection(SolutionProperties) = preSolution
		HideSolutionNode = FALSE
	EndGlobalSection
	GlobalSection(ExtensibilityGlobals) = postSolution
		SolutionGuid = {9A4E6CB5-52B3-480C-8809-12460B806359}
	EndGlobalSection
EndGlobal
